
Microsoft Visual Studio Solution File, Format Version 12.00
# Visual Studio Version 17
VisualStudioVersion = 17.4.33213.308
MinimumVisualStudioVersion = 10.0.40219.1
Project("{FAE04EC0-301F-11D3-BF4B-00C04F79EFBC}") = "UserManagement", "UserManagement\UserManagement.csproj", "{A0019A89-5FCA-40B5-B1AC-73C3DF159A21}"
EndProject
Global
	GlobalSection(SolutionConfigurationPlatforms) = preSolution
		Debug|Any CPU = Debug|Any CPU
		Release|Any CPU = Release|Any CPU
	EndGlobalSection
	GlobalSection(ProjectConfigurationPlatforms) = postSolution
		{A0019A89-5FCA-40B5-B1AC-73C3DF159A21}.Debug|Any CPU.ActiveCfg = Debug|Any CPU
		{A0019A89-5FCA-40B5-B1AC-73C3DF159A21}.Debug|Any CPU.Build.0 = Debug|Any CPU
		{A0019A89-5FCA-40B5-B1AC-73C3DF159A21}.Release|Any CPU.ActiveCfg = Release|Any CPU
		{A0019A89-5FCA-40B5-B1AC-73C3DF159A21}.Release|Any CPU.Build.0 = Release|Any CPU
	EndGlobalSection
	GlobalSection(SolutionProperties) = preSolution
		HideSolutionNode = FALSE
	EndGlobalSection
	GlobalSection(ExtensibilityGlobals) = postSolution
		SolutionGuid = {C9D1A978-8CE8-40C9-9598-28C4C9208CFD}
	EndGlobalSection
EndGlobal
